
Microsoft Visual Studio Solution File, Format Version 12.00
# Visual Studio Version 17
VisualStudioVersion = 17.6.33815.320
MinimumVisualStudioVersion = 10.0.40219.1
Project("{9A19103F-16F7-4668-BE54-9A1E7A4F7556}") = "ElevatorControlSystem", "ElevatorControlSystem.csproj", "{C21794FE-97CD-44DC-ABD1-B651C6BD319F}"
EndProject
Global
	GlobalSection(SolutionConfigurationPlatforms) = preSolution
		Debug|Any CPU = Debug|Any CPU
		Release|Any CPU = Release|Any CPU
	EndGlobalSection
	GlobalSection(ProjectConfigurationPlatforms) = postSolution
		{C21794FE-97CD-44DC-ABD1-B651C6BD319F}.Debug|Any CPU.ActiveCfg = Debug|Any CPU
		{C21794FE-97CD-44DC-ABD1-B651C6BD319F}.Debug|Any CPU.Build.0 = Debug|Any CPU
		{C21794FE-97CD-44DC-ABD1-B651C6BD319F}.Release|Any CPU.ActiveCfg = Release|Any CPU
		{C21794FE-97CD-44DC-ABD1-B651C6BD319F}.Release|Any CPU.Build.0 = Release|Any CPU
	EndGlobalSection
	GlobalSection(SolutionProperties) = preSolution
		HideSolutionNode = FALSE
	EndGlobalSection
	GlobalSection(ExtensibilityGlobals) = postSolution
		SolutionGuid = {4F40734E-5876-4452-B132-578F4DE5E981}
	EndGlobalSection
EndGlobal
